
Microsoft Visual Studio Solution File, Format Version 12.00
# Visual Studio Version 16
VisualStudioVersion = 16.0.30320.27
MinimumVisualStudioVersion = 10.0.40219.1
Project("{2150E333-8FDC-42A3-9474-1A3956D46DE8}") = "Creational", "Creational", "{54D9DB6B-9C95-485F-942E-756697C948A9}"
EndProject
Project("{FAE04EC0-301F-11D3-BF4B-00C04F79EFBC}") = "AbstractFactory", "Creational\AbstractFactory\AbstractFactory.csproj", "{A1DFAB5B-61D7-4248-8FCF-726C6E8FF220}"
EndProject
Project("{FAE04EC0-301F-11D3-BF4B-00C04F79EFBC}") = "Singleton", "Creational\Singleton\Singleton.csproj", "{C67F5ECE-CF17-4BE5-AE74-66E89A799E6D}"
EndProject
Project("{FAE04EC0-301F-11D3-BF4B-00C04F79EFBC}") = "Builder", "Creational\Builder\Builder.csproj", "{8E33C188-70F6-4C44-B70C-EEAA492C2B02}"
EndProject
Project("{FAE04EC0-301F-11D3-BF4B-00C04F79EFBC}") = "Prototype", "Creational\Prototype\Prototype.csproj", "{14388ED2-9170-4C98-9740-F3CC19B3ED6D}"
EndProject
Project("{2150E333-8FDC-42A3-9474-1A3956D46DE8}") = "Structural", "Structural", "{DCB50DE3-989C-48EB-B60A-88E02BF0F786}"
EndProject
Project("{FAE04EC0-301F-11D3-BF4B-00C04F79EFBC}") = "Bridge", "Structural\Bridge\Bridge.csproj", "{D9062BE2-A482-447E-86B5-100393F7A0A0}"
EndProject
Project("{FAE04EC0-301F-11D3-BF4B-00C04F79EFBC}") = "ObjectAdapter", "Structural\Adapter\ObjectAdapter.csproj", "{C4626E0F-F6E2-4283-BCEC-1052353EFDEE}"
EndProject
Project("{FAE04EC0-301F-11D3-BF4B-00C04F79EFBC}") = "ClassAdapter", "Structural\ClassAdapter\ClassAdapter.csproj", "{4E5C1413-AA05-4B74-AA29-279072765945}"
EndProject
Project("{FAE04EC0-301F-11D3-BF4B-00C04F79EFBC}") = "Composite", "Structural\Composite\Composite.csproj", "{D454BB3E-DD76-44FB-ADA6-928533933AD5}"
EndProject
Project("{FAE04EC0-301F-11D3-BF4B-00C04F79EFBC}") = "Decorator", "Structural\Decorator\Decorator.csproj", "{346FE887-8414-4038-AE49-9FC36C6FF175}"
EndProject
Project("{FAE04EC0-301F-11D3-BF4B-00C04F79EFBC}") = "Facade", "Structural\Facade\Facade.csproj", "{047A30E8-43C5-4EFB-98F7-5B6AAE73534E}"
EndProject
Project("{9A19103F-16F7-4668-BE54-9A1E7A4F7556}") = "Proxy", "Structural\Proxy\Proxy.csproj", "{03AC5443-A566-4D7A-8634-E17B68675A97}"
EndProject
Project("{9A19103F-16F7-4668-BE54-9A1E7A4F7556}") = "Flyweight", "Structural\Flyweight\Flyweight.csproj", "{E4B3D683-84E2-4E9B-982F-1455D7EFAFF6}"
EndProject
Project("{2150E333-8FDC-42A3-9474-1A3956D46DE8}") = "Behavioral", "Behavioral", "{F16129DE-C7B0-4BAC-BC0A-102770C87F8A}"
EndProject
Project("{9A19103F-16F7-4668-BE54-9A1E7A4F7556}") = "ChainOfResponsibility", "Behavioral\ChainOfResponsibility\ChainOfResponsibility.csproj", "{00DD3353-F0F1-46FB-A6CB-7944405C7EFF}"
EndProject
Project("{9A19103F-16F7-4668-BE54-9A1E7A4F7556}") = "Command", "Behavioral\Command\Command.csproj", "{2449657E-839C-4633-B9BA-95FF353A4520}"
EndProject
Project("{FAE04EC0-301F-11D3-BF4B-00C04F79EFBC}") = "Mediator", "Behavioral\Mediator\Mediator.csproj", "{C3625D68-A108-452B-943F-3F3D837666ED}"
EndProject
Project("{FAE04EC0-301F-11D3-BF4B-00C04F79EFBC}") = "Iterator", "Behavioral\Iterator\Iterator.csproj", "{C9C3E8F1-861B-4923-8C9F-853E0A0E7329}"
EndProject
Project("{FAE04EC0-301F-11D3-BF4B-00C04F79EFBC}") = "Observer", "Behavioral\Observer\Observer.csproj", "{99345033-440B-4022-A0C3-D57662E37BDF}"
EndProject
Project("{FAE04EC0-301F-11D3-BF4B-00C04F79EFBC}") = "State", "Behavioral\State\State.csproj", "{D377EEE5-BAD0-4455-9174-A710F64E8EC2}"
EndProject
Project("{2150E333-8FDC-42A3-9474-1A3956D46DE8}") = "Other", "Other", "{ABAE0152-B10A-4E00-952E-8593CE8D6522}"
EndProject
Project("{9A19103F-16F7-4668-BE54-9A1E7A4F7556}") = "NullObject", "Other\NullObject\NullObject.csproj", "{A282C99A-794E-4362-96C1-0C24D38D9782}"
EndProject
Project("{FAE04EC0-301F-11D3-BF4B-00C04F79EFBC}") = "ServiceLocator", "Other\ServiceLocator\ServiceLocator.csproj", "{430ECD65-DA95-4D0E-BBB0-85FF3C72B5CC}"
EndProject
Project("{9A19103F-16F7-4668-BE54-9A1E7A4F7556}") = "Specification", "Other\Specification\Specification.csproj", "{FC22F766-6CEB-4DF5-830D-267DC34D4C14}"
EndProject
Project("{FAE04EC0-301F-11D3-BF4B-00C04F79EFBC}") = "TemplateMethod", "Behavioral\TemplateMethod\TemplateMethod.csproj", "{2FAF5755-F756-45E8-B603-44B1B003EF76}"
EndProject
Global
	GlobalSection(SolutionConfigurationPlatforms) = preSolution
		Debug|Any CPU = Debug|Any CPU
		Release|Any CPU = Release|Any CPU
	EndGlobalSection
	GlobalSection(ProjectConfigurationPlatforms) = postSolution
		{A1DFAB5B-61D7-4248-8FCF-726C6E8FF220}.Debug|Any CPU.ActiveCfg = Debug|Any CPU
		{A1DFAB5B-61D7-4248-8FCF-726C6E8FF220}.Debug|Any CPU.Build.0 = Debug|Any CPU
		{A1DFAB5B-61D7-4248-8FCF-726C6E8FF220}.Release|Any CPU.ActiveCfg = Release|Any CPU
		{A1DFAB5B-61D7-4248-8FCF-726C6E8FF220}.Release|Any CPU.Build.0 = Release|Any CPU
		{C67F5ECE-CF17-4BE5-AE74-66E89A799E6D}.Debug|Any CPU.ActiveCfg = Debug|Any CPU
		{C67F5ECE-CF17-4BE5-AE74-66E89A799E6D}.Debug|Any CPU.Build.0 = Debug|Any CPU
		{C67F5ECE-CF17-4BE5-AE74-66E89A799E6D}.Release|Any CPU.ActiveCfg = Release|Any CPU
		{C67F5ECE-CF17-4BE5-AE74-66E89A799E6D}.Release|Any CPU.Build.0 = Release|Any CPU
		{8E33C188-70F6-4C44-B70C-EEAA492C2B02}.Debug|Any CPU.ActiveCfg = Debug|Any CPU
		{8E33C188-70F6-4C44-B70C-EEAA492C2B02}.Debug|Any CPU.Build.0 = Debug|Any CPU
		{8E33C188-70F6-4C44-B70C-EEAA492C2B02}.Release|Any CPU.ActiveCfg = Release|Any CPU
		{8E33C188-70F6-4C44-B70C-EEAA492C2B02}.Release|Any CPU.Build.0 = Release|Any CPU
		{14388ED2-9170-4C98-9740-F3CC19B3ED6D}.Debug|Any CPU.ActiveCfg = Debug|Any CPU
		{14388ED2-9170-4C98-9740-F3CC19B3ED6D}.Debug|Any CPU.Build.0 = Debug|Any CPU
		{14388ED2-9170-4C98-9740-F3CC19B3ED6D}.Release|Any CPU.ActiveCfg = Release|Any CPU
		{14388ED2-9170-4C98-9740-F3CC19B3ED6D}.Release|Any CPU.Build.0 = Release|Any CPU
		{D9062BE2-A482-447E-86B5-100393F7A0A0}.Debug|Any CPU.ActiveCfg = Debug|Any CPU
		{D9062BE2-A482-447E-86B5-100393F7A0A0}.Debug|Any CPU.Build.0 = Debug|Any CPU
		{D9062BE2-A482-447E-86B5-100393F7A0A0}.Release|Any CPU.ActiveCfg = Release|Any CPU
		{D9062BE2-A482-447E-86B5-100393F7A0A0}.Release|Any CPU.Build.0 = Release|Any CPU
		{C4626E0F-F6E2-4283-BCEC-1052353EFDEE}.Debug|Any CPU.ActiveCfg = Debug|Any CPU
		{C4626E0F-F6E2-4283-BCEC-1052353EFDEE}.Debug|Any CPU.Build.0 = Debug|Any CPU
		{C4626E0F-F6E2-4283-BCEC-1052353EFDEE}.Release|Any CPU.ActiveCfg = Release|Any CPU
		{C4626E0F-F6E2-4283-BCEC-1052353EFDEE}.Release|Any CPU.Build.0 = Release|Any CPU
		{4E5C1413-AA05-4B74-AA29-279072765945}.Debug|Any CPU.ActiveCfg = Debug|Any CPU
		{4E5C1413-AA05-4B74-AA29-279072765945}.Debug|Any CPU.Build.0 = Debug|Any CPU
		{4E5C1413-AA05-4B74-AA29-279072765945}.Release|Any CPU.ActiveCfg = Release|Any CPU
		{4E5C1413-AA05-4B74-AA29-279072765945}.Release|Any CPU.Build.0 = Release|Any CPU
		{D454BB3E-DD76-44FB-ADA6-928533933AD5}.Debug|Any CPU.ActiveCfg = Debug|Any CPU
		{D454BB3E-DD76-44FB-ADA6-928533933AD5}.Debug|Any CPU.Build.0 = Debug|Any CPU
		{D454BB3E-DD76-44FB-ADA6-928533933AD5}.Release|Any CPU.ActiveCfg = Release|Any CPU
		{D454BB3E-DD76-44FB-ADA6-928533933AD5}.Release|Any CPU.Build.0 = Release|Any CPU
		{346FE887-8414-4038-AE49-9FC36C6FF175}.Debug|Any CPU.ActiveCfg = Debug|Any CPU
		{346FE887-8414-4038-AE49-9FC36C6FF175}.Debug|Any CPU.Build.0 = Debug|Any CPU
		{346FE887-8414-4038-AE49-9FC36C6FF175}.Release|Any CPU.ActiveCfg = Release|Any CPU
		{346FE887-8414-4038-AE49-9FC36C6FF175}.Release|Any CPU.Build.0 = Release|Any CPU
		{047A30E8-43C5-4EFB-98F7-5B6AAE73534E}.Debug|Any CPU.ActiveCfg = Debug|Any CPU
		{047A30E8-43C5-4EFB-98F7-5B6AAE73534E}.Debug|Any CPU.Build.0 = Debug|Any CPU
		{047A30E8-43C5-4EFB-98F7-5B6AAE73534E}.Release|Any CPU.ActiveCfg = Release|Any CPU
		{047A30E8-43C5-4EFB-98F7-5B6AAE73534E}.Release|Any CPU.Build.0 = Release|Any CPU
		{03AC5443-A566-4D7A-8634-E17B68675A97}.Debug|Any CPU.ActiveCfg = Debug|Any CPU
		{03AC5443-A566-4D7A-8634-E17B68675A97}.Debug|Any CPU.Build.0 = Debug|Any CPU
		{03AC5443-A566-4D7A-8634-E17B68675A97}.Release|Any CPU.ActiveCfg = Release|Any CPU
		{03AC5443-A566-4D7A-8634-E17B68675A97}.Release|Any CPU.Build.0 = Release|Any CPU
		{E4B3D683-84E2-4E9B-982F-1455D7EFAFF6}.Debug|Any CPU.ActiveCfg = Debug|Any CPU
		{E4B3D683-84E2-4E9B-982F-1455D7EFAFF6}.Debug|Any CPU.Build.0 = Debug|Any CPU
		{E4B3D683-84E2-4E9B-982F-1455D7EFAFF6}.Release|Any CPU.ActiveCfg = Release|Any CPU
		{E4B3D683-84E2-4E9B-982F-1455D7EFAFF6}.Release|Any CPU.Build.0 = Release|Any CPU
		{00DD3353-F0F1-46FB-A6CB-7944405C7EFF}.Debug|Any CPU.ActiveCfg = Debug|Any CPU
		{00DD3353-F0F1-46FB-A6CB-7944405C7EFF}.Debug|Any CPU.Build.0 = Debug|Any CPU
		{00DD3353-F0F1-46FB-A6CB-7944405C7EFF}.Release|Any CPU.ActiveCfg = Release|Any CPU
		{00DD3353-F0F1-46FB-A6CB-7944405C7EFF}.Release|Any CPU.Build.0 = Release|Any CPU
		{2449657E-839C-4633-B9BA-95FF353A4520}.Debug|Any CPU.ActiveCfg = Debug|Any CPU
		{2449657E-839C-4633-B9BA-95FF353A4520}.Debug|Any CPU.Build.0 = Debug|Any CPU
		{2449657E-839C-4633-B9BA-95FF353A4520}.Release|Any CPU.ActiveCfg = Release|Any CPU
		{2449657E-839C-4633-B9BA-95FF353A4520}.Release|Any CPU.Build.0 = Release|Any CPU
		{C3625D68-A108-452B-943F-3F3D837666ED}.Debug|Any CPU.ActiveCfg = Debug|Any CPU
		{C3625D68-A108-452B-943F-3F3D837666ED}.Debug|Any CPU.Build.0 = Debug|Any CPU
		{C3625D68-A108-452B-943F-3F3D837666ED}.Release|Any CPU.ActiveCfg = Release|Any CPU
		{C3625D68-A108-452B-943F-3F3D837666ED}.Release|Any CPU.Build.0 = Release|Any CPU
		{C9C3E8F1-861B-4923-8C9F-853E0A0E7329}.Debug|Any CPU.ActiveCfg = Debug|Any CPU
		{C9C3E8F1-861B-4923-8C9F-853E0A0E7329}.Debug|Any CPU.Build.0 = Debug|Any CPU
		{C9C3E8F1-861B-4923-8C9F-853E0A0E7329}.Release|Any CPU.ActiveCfg = Release|Any CPU
		{C9C3E8F1-861B-4923-8C9F-853E0A0E7329}.Release|Any CPU.Build.0 = Release|Any CPU
		{99345033-440B-4022-A0C3-D57662E37BDF}.Debug|Any CPU.ActiveCfg = Debug|Any CPU
		{99345033-440B-4022-A0C3-D57662E37BDF}.Debug|Any CPU.Build.0 = Debug|Any CPU
		{99345033-440B-4022-A0C3-D57662E37BDF}.Release|Any CPU.ActiveCfg = Release|Any CPU
		{99345033-440B-4022-A0C3-D57662E37BDF}.Release|Any CPU.Build.0 = Release|Any CPU
		{D377EEE5-BAD0-4455-9174-A710F64E8EC2}.Debug|Any CPU.ActiveCfg = Debug|Any CPU
		{D377EEE5-BAD0-4455-9174-A710F64E8EC2}.Debug|Any CPU.Build.0 = Debug|Any CPU
		{D377EEE5-BAD0-4455-9174-A710F64E8EC2}.Release|Any CPU.ActiveCfg = Release|Any CPU
		{D377EEE5-BAD0-4455-9174-A710F64E8EC2}.Release|Any CPU.Build.0 = Release|Any CPU
		{A282C99A-794E-4362-96C1-0C24D38D9782}.Debug|Any CPU.ActiveCfg = Debug|Any CPU
		{A282C99A-794E-4362-96C1-0C24D38D9782}.Debug|Any CPU.Build.0 = Debug|Any CPU
		{A282C99A-794E-4362-96C1-0C24D38D9782}.Release|Any CPU.ActiveCfg = Release|Any CPU
		{A282C99A-794E-4362-96C1-0C24D38D9782}.Release|Any CPU.Build.0 = Release|Any CPU
		{430ECD65-DA95-4D0E-BBB0-85FF3C72B5CC}.Debug|Any CPU.ActiveCfg = Debug|Any CPU
		{430ECD65-DA95-4D0E-BBB0-85FF3C72B5CC}.Debug|Any CPU.Build.0 = Debug|Any CPU
		{430ECD65-DA95-4D0E-BBB0-85FF3C72B5CC}.Release|Any CPU.ActiveCfg = Release|Any CPU
		{430ECD65-DA95-4D0E-BBB0-85FF3C72B5CC}.Release|Any CPU.Build.0 = Release|Any CPU
		{FC22F766-6CEB-4DF5-830D-267DC34D4C14}.Debug|Any CPU.ActiveCfg = Debug|Any CPU
		{FC22F766-6CEB-4DF5-830D-267DC34D4C14}.Debug|Any CPU.Build.0 = Debug|Any CPU
		{FC22F766-6CEB-4DF5-830D-267DC34D4C14}.Release|Any CPU.ActiveCfg = Release|Any CPU
		{FC22F766-6CEB-4DF5-830D-267DC34D4C14}.Release|Any CPU.Build.0 = Release|Any CPU
		{2FAF5755-F756-45E8-B603-44B1B003EF76}.Debug|Any CPU.ActiveCfg = Debug|Any CPU
		{2FAF5755-F756-45E8-B603-44B1B003EF76}.Debug|Any CPU.Build.0 = Debug|Any CPU
		{2FAF5755-F756-45E8-B603-44B1B003EF76}.Release|Any CPU.ActiveCfg = Release|Any CPU
		{2FAF5755-F756-45E8-B603-44B1B003EF76}.Release|Any CPU.Build.0 = Release|Any CPU
	EndGlobalSection
	GlobalSection(SolutionProperties) = preSolution
		HideSolutionNode = FALSE
	EndGlobalSection
	GlobalSection(NestedProjects) = preSolution
		{A1DFAB5B-61D7-4248-8FCF-726C6E8FF220} = {54D9DB6B-9C95-485F-942E-756697C948A9}
		{C67F5ECE-CF17-4BE5-AE74-66E89A799E6D} = {54D9DB6B-9C95-485F-942E-756697C948A9}
		{8E33C188-70F6-4C44-B70C-EEAA492C2B02} = {54D9DB6B-9C95-485F-942E-756697C948A9}
		{14388ED2-9170-4C98-9740-F3CC19B3ED6D} = {54D9DB6B-9C95-485F-942E-756697C948A9}
		{D9062BE2-A482-447E-86B5-100393F7A0A0} = {DCB50DE3-989C-48EB-B60A-88E02BF0F786}
		{C4626E0F-F6E2-4283-BCEC-1052353EFDEE} = {DCB50DE3-989C-48EB-B60A-88E02BF0F786}
		{4E5C1413-AA05-4B74-AA29-279072765945} = {DCB50DE3-989C-48EB-B60A-88E02BF0F786}
		{D454BB3E-DD76-44FB-ADA6-928533933AD5} = {DCB50DE3-989C-48EB-B60A-88E02BF0F786}
		{346FE887-8414-4038-AE49-9FC36C6FF175} = {DCB50DE3-989C-48EB-B60A-88E02BF0F786}
		{047A30E8-43C5-4EFB-98F7-5B6AAE73534E} = {DCB50DE3-989C-48EB-B60A-88E02BF0F786}
		{03AC5443-A566-4D7A-8634-E17B68675A97} = {DCB50DE3-989C-48EB-B60A-88E02BF0F786}
		{E4B3D683-84E2-4E9B-982F-1455D7EFAFF6} = {DCB50DE3-989C-48EB-B60A-88E02BF0F786}
		{00DD3353-F0F1-46FB-A6CB-7944405C7EFF} = {F16129DE-C7B0-4BAC-BC0A-102770C87F8A}
		{2449657E-839C-4633-B9BA-95FF353A4520} = {F16129DE-C7B0-4BAC-BC0A-102770C87F8A}
		{C3625D68-A108-452B-943F-3F3D837666ED} = {F16129DE-C7B0-4BAC-BC0A-102770C87F8A}
		{C9C3E8F1-861B-4923-8C9F-853E0A0E7329} = {F16129DE-C7B0-4BAC-BC0A-102770C87F8A}
		{99345033-440B-4022-A0C3-D57662E37BDF} = {F16129DE-C7B0-4BAC-BC0A-102770C87F8A}
		{D377EEE5-BAD0-4455-9174-A710F64E8EC2} = {F16129DE-C7B0-4BAC-BC0A-102770C87F8A}
		{A282C99A-794E-4362-96C1-0C24D38D9782} = {ABAE0152-B10A-4E00-952E-8593CE8D6522}
		{430ECD65-DA95-4D0E-BBB0-85FF3C72B5CC} = {ABAE0152-B10A-4E00-952E-8593CE8D6522}
		{FC22F766-6CEB-4DF5-830D-267DC34D4C14} = {ABAE0152-B10A-4E00-952E-8593CE8D6522}
		{2FAF5755-F756-45E8-B603-44B1B003EF76} = {F16129DE-C7B0-4BAC-BC0A-102770C87F8A}
	EndGlobalSection
	GlobalSection(ExtensibilityGlobals) = postSolution
		SolutionGuid = {09EBCCB6-34C6-4834-A850-A6ECECEBE15E}
	EndGlobalSection
EndGlobal
